// !$*UTF8*$!
{
	archiveVersion = 1;
	classes = {
	};
	objectVersion = 46;
	objects = {

/* Begin PBXBuildFile section */
		2E06DB471EBE496B005B054C /* AppDelegate.swift in Sources */ = {isa = PBXBuildFile; fileRef = 2E06DB461EBE496B005B054C /* AppDelegate.swift */; };
		2E06DB491EBE496B005B054C /* ViewController.swift in Sources */ = {isa = PBXBuildFile; fileRef = 2E06DB481EBE496B005B054C /* ViewController.swift */; };
		2E06DB4C1EBE496B005B054C /* Main.storyboard in Resources */ = {isa = PBXBuildFile; fileRef = 2E06DB4A1EBE496B005B054C /* Main.storyboard */; };
		2E06DB4E1EBE496B005B054C /* Assets.xcassets in Resources */ = {isa = PBXBuildFile; fileRef = 2E06DB4D1EBE496B005B054C /* Assets.xcassets */; };
		2E06DB511EBE496B005B054C /* LaunchScreen.storyboard in Resources */ = {isa = PBXBuildFile; fileRef = 2E06DB4F1EBE496B005B054C /* LaunchScreen.storyboard */; };
		2E06DB5C1EBE496B005B054C /* ManagementStudent_13110085_KietTests.swift in Sources */ = {isa = PBXBuildFile; fileRef = 2E06DB5B1EBE496B005B054C /* ManagementStudent_13110085_KietTests.swift */; };
		2E06DB671EBE496B005B054C /* ManagementStudent_13110085_KietUITests.swift in Sources */ = {isa = PBXBuildFile; fileRef = 2E06DB661EBE496B005B054C /* ManagementStudent_13110085_KietUITests.swift */; };
/* End PBXBuildFile section */

/* Begin PBXContainerItemProxy section */
		2E06DB581EBE496B005B054C /* PBXContainerItemProxy */ = {
			isa = PBXContainerItemProxy;
			containerPortal = 2E06DB3B1EBE496B005B054C /* Project object */;
			proxyType = 1;
			remoteGlobalIDString = 2E06DB421EBE496B005B054C;
			remoteInfo = ManagementStudent_13110085_Kiet;
		};
		2E06DB631EBE496B005B054C /* PBXContainerItemProxy */ = {
			isa = PBXContainerItemProxy;
			containerPortal = 2E06DB3B1EBE496B005B054C /* Project object */;
			proxyType = 1;
			remoteGlobalIDString = 2E06DB421EBE496B005B054C;
			remoteInfo = ManagementStudent_13110085_Kiet;
		};
/* End PBXContainerItemProxy section */

/* Begin PBXFileReference section */
		2E06DB431EBE496B005B054C /* ManagementStudent_13110085_Kiet.app */ = {isa = PBXFileReference; explicitFileType = wrapper.application; includeInIndex = 0; path = ManagementStudent_13110085_Kiet.app; sourceTree = BUILT_PRODUCTS_DIR; };
		2E06DB461EBE496B005B054C /* AppDelegate.swift */ = {isa = PBXFileReference; lastKnownFileType = sourcecode.swift; path = AppDelegate.swift; sourceTree = "<group>"; };
		2E06DB481EBE496B005B054C /* ViewController.swift */ = {isa = PBXFileReference; lastKnownFileType = sourcecode.swift; path = ViewController.swift; sourceTree = "<group>"; };
		2E06DB4B1EBE496B005B054C /* Base */ = {isa = PBXFileReference; lastKnownFileType = file.storyboard; name = Base; path = Base.lproj/Main.storyboard; sourceTree = "<group>"; };
		2E06DB4D1EBE496B005B054C /* Assets.xcassets */ = {isa = PBXFileReference; lastKnownFileType = folder.assetcatalog; path = Assets.xcassets; sourceTree = "<group>"; };
		2E06DB501EBE496B005B054C /* Base */ = {isa = PBXFileReference; lastKnownFileType = file.storyboard; name = Base; path = Base.lproj/LaunchScreen.storyboard; sourceTree = "<group>"; };
		2E06DB521EBE496B005B054C /* Info.plist */ = {isa = PBXFileReference; lastKnownFileType = text.plist.xml; path = Info.plist; sourceTree = "<group>"; };
		2E06DB571EBE496B005B054C /* ManagementStudent_13110085_KietTests.xctest */ = {isa = PBXFileReference; explicitFileType = wrapper.cfbundle; includeInIndex = 0; path = ManagementStudent_13110085_KietTests.xctest; sourceTree = BUILT_PRODUCTS_DIR; };
		2E06DB5B1EBE496B005B054C /* ManagementStudent_13110085_KietTests.swift */ = {isa = PBXFileReference; lastKnownFileType = sourcecode.swift; path = ManagementStudent_13110085_KietTests.swift; sourceTree = "<group>"; };
		2E06DB5D1EBE496B005B054C /* Info.plist */ = {isa = PBXFileReference; lastKnownFileType = text.plist.xml; path = Info.plist; sourceTree = "<group>"; };
		2E06DB621EBE496B005B054C /* ManagementStudent_13110085_KietUITests.xctest */ = {isa = PBXFileReference; explicitFileType = wrapper.cfbundle; includeInIndex = 0; path = ManagementStudent_13110085_KietUITests.xctest; sourceTree = BUILT_PRODUCTS_DIR; };
		2E06DB661EBE496B005B054C /* ManagementStudent_13110085_KietUITests.swift */ = {isa = PBXFileReference; lastKnownFileType = sourcecode.swift; path = ManagementStudent_13110085_KietUITests.swift; sourceTree = "<group>"; };
		2E06DB681EBE496B005B054C /* Info.plist */ = {isa = PBXFileReference; lastKnownFileType = text.plist.xml; path = Info.plist; sourceTree = "<group>"; };
/* End PBXFileReference section */

/* Begin PBXFrameworksBuildPhase section */
		2E06DB401EBE496B005B054C /* Frameworks */ = {
			isa = PBXFrameworksBuildPhase;
			buildActionMask = 2147483647;
			files = (
			);
			runOnlyForDeploymentPostprocessing = 0;
		};
		2E06DB541EBE496B005B054C /* Frameworks */ = {
			isa = PBXFrameworksBuildPhase;
			buildActionMask = 2147483647;
			files = (
			);
			runOnlyForDeploymentPostprocessing = 0;
		};
		2E06DB5F1EBE496B005B054C /* Frameworks */ = {
			isa = PBXFrameworksBuildPhase;
			buildActionMask = 2147483647;
			files = (
			);
			runOnlyForDeploymentPostprocessing = 0;
		};
/* End PBXFrameworksBuildPhase section */

/* Begin PBXGroup section */
		2E06DB3A1EBE496B005B054C = {
			isa = PBXGroup;
			children = (
				2E06DB451EBE496B005B054C /* ManagementStudent_13110085_Kiet */,
				2E06DB5A1EBE496B005B054C /* ManagementStudent_13110085_KietTests */,
				2E06DB651EBE496B005B054C /* ManagementStudent_13110085_KietUITests */,
				2E06DB441EBE496B005B054C /* Products */,
			);
			sourceTree = "<group>";
		};
		2E06DB441EBE496B005B054C /* Products */ = {
			isa = PBXGroup;
			children = (
				2E06DB431EBE496B005B054C /* ManagementStudent_13110085_Kiet.app */,
				2E06DB571EBE496B005B054C /* ManagementStudent_13110085_KietTests.xctest */,
				2E06DB621EBE496B005B054C /* ManagementStudent_13110085_KietUITests.xctest */,
			);
			name = Products;
			sourceTree = "<group>";
		};
		2E06DB451EBE496B005B054C /* ManagementStudent_13110085_Kiet */ = {
			isa = PBXGroup;
			children = (
				2E06DB461EBE496B005B054C /* AppDelegate.swift */,
				2E06DB481EBE496B005B054C /* ViewController.swift */,
				2E06DB4A1EBE496B005B054C /* Main.storyboard */,
				2E06DB4D1EBE496B005B054C /* Assets.xcassets */,
				2E06DB4F1EBE496B005B054C /* LaunchScreen.storyboard */,
				2E06DB521EBE496B005B054C /* Info.plist */,
			);
			path = ManagementStudent_13110085_Kiet;
			sourceTree = "<group>";
		};
		2E06DB5A1EBE496B005B054C /* ManagementStudent_13110085_KietTests */ = {
			isa = PBXGroup;
			children = (
				2E06DB5B1EBE496B005B054C /* ManagementStudent_13110085_KietTests.swift */,
				2E06DB5D1EBE496B005B054C /* Info.plist */,
			);
			path = ManagementStudent_13110085_KietTests;
			sourceTree = "<group>";
		};
		2E06DB651EBE496B005B054C /* ManagementStudent_13110085_KietUITests */ = {
			isa = PBXGroup;
			children = (
				2E06DB661EBE496B005B054C /* ManagementStudent_13110085_KietUITests.swift */,
				2E06DB681EBE496B005B054C /* Info.plist */,
			);
			path = ManagementStudent_13110085_KietUITests;
			sourceTree = "<group>";
		};
/* End PBXGroup section */

/* Begin PBXNativeTarget section */
		2E06DB421EBE496B005B054C /* ManagementStudent_13110085_Kiet */ = {
			isa = PBXNativeTarget;
			buildConfigurationList = 2E06DB6B1EBE496B005B054C /* Build configuration list for PBXNativeTarget "ManagementStudent_13110085_Kiet" */;
			buildPhases = (
				2E06DB3F1EBE496B005B054C /* Sources */,
				2E06DB401EBE496B005B054C /* Frameworks */,
				2E06DB411EBE496B005B054C /* Resources */,
			);
			buildRules = (
			);
			dependencies = (
			);
			name = ManagementStudent_13110085_Kiet;
			productName = ManagementStudent_13110085_Kiet;
			productReference = 2E06DB431EBE496B005B054C /* ManagementStudent_13110085_Kiet.app */;
			productType = "com.apple.product-type.application";
		};
		2E06DB561EBE496B005B054C /* ManagementStudent_13110085_KietTests */ = {
			isa = PBXNativeTarget;
			buildConfigurationList = 2E06DB6E1EBE496B005B054C /* Build configuration list for PBXNativeTarget "ManagementStudent_13110085_KietTests" */;
			buildPhases = (
				2E06DB531EBE496B005B054C /* Sources */,
				2E06DB541EBE496B005B054C /* Frameworks */,
				2E06DB551EBE496B005B054C /* Resources */,
			);
			buildRules = (
			);
			dependencies = (
				2E06DB591EBE496B005B054C /* PBXTargetDependency */,
			);
			name = ManagementStudent_13110085_KietTests;
			productName = ManagementStudent_13110085_KietTests;
			productReference = 2E06DB571EBE496B005B054C /* ManagementStudent_13110085_KietTests.xctest */;
			productType = "com.apple.product-type.bundle.unit-test";
		};
		2E06DB611EBE496B005B054C /* ManagementStudent_13110085_KietUITests */ = {
			isa = PBXNativeTarget;
			buildConfigurationList = 2E06DB711EBE496B005B054C /* Build configuration list for PBXNativeTarget "ManagementStudent_13110085_KietUITests" */;
			buildPhases = (
				2E06DB5E1EBE496B005B054C /* Sources */,
				2E06DB5F1EBE496B005B054C /* Frameworks */,
				2E06DB601EBE496B005B054C /* Resources */,
			);
			buildRules = (
			);
			dependencies = (
				2E06DB641EBE496B005B054C /* PBXTargetDependency */,
			);
			name = ManagementStudent_13110085_KietUITests;
			productName = ManagementStudent_13110085_KietUITests;
			productReference = 2E06DB621EBE496B005B054C /* ManagementStudent_13110085_KietUITests.xctest */;
			productType = "com.apple.product-type.bundle.ui-testing";
		};
/* End PBXNativeTarget section */

/* Begin PBXProject section */
		2E06DB3B1EBE496B005B054C /* Project object */ = {
			isa = PBXProject;
			attributes = {
				LastSwiftUpdateCheck = 0830;
				LastUpgradeCheck = 0830;
				ORGANIZATIONNAME = "Kiet Nguyen";
				TargetAttributes = {
					2E06DB421EBE496B005B054C = {
						CreatedOnToolsVersion = 8.3.2;
						ProvisioningStyle = Automatic;
					};
					2E06DB561EBE496B005B054C = {
						CreatedOnToolsVersion = 8.3.2;
						ProvisioningStyle = Automatic;
						TestTargetID = 2E06DB421EBE496B005B054C;
					};
					2E06DB611EBE496B005B054C = {
						CreatedOnToolsVersion = 8.3.2;
						ProvisioningStyle = Automatic;
						TestTargetID = 2E06DB421EBE496B005B054C;
					};
				};
			};
			buildConfigurationList = 2E06DB3E1EBE496B005B054C /* Build configuration list for PBXProject "ManagementStudent_13110085_Kiet" */;
			compatibilityVersion = "Xcode 3.2";
			developmentRegion = English;
			hasScannedForEncodings = 0;
			knownRegions = (
				en,
				Base,
			);
			mainGroup = 2E06DB3A1EBE496B005B054C;
			productRefGroup = 2E06DB441EBE496B005B054C /* Products */;
			projectDirPath = "";
			projectRoot = "";
			targets = (
				2E06DB421EBE496B005B054C /* ManagementStudent_13110085_Kiet */,
				2E06DB561EBE496B005B054C /* ManagementStudent_13110085_KietTests */,
				2E06DB611EBE496B005B054C /* ManagementStudent_13110085_KietUITests */,
			);
		};
/* End PBXProject section */

/* Begin PBXResourcesBuildPhase section */
		2E06DB411EBE496B005B054C /* Resources */ = {
			isa = PBXResourcesBuildPhase;
			buildActionMask = 2147483647;
			files = (
				2E06DB511EBE496B005B054C /* LaunchScreen.storyboard in Resources */,
				2E06DB4E1EBE496B005B054C /* Assets.xcassets in Resources */,
				2E06DB4C1EBE496B005B054C /* Main.storyboard in Resources */,
			);
			runOnlyForDeploymentPostprocessing = 0;
		};
		2E06DB551EBE496B005B054C /* Resources */ = {
			isa = PBXResourcesBuildPhase;
			buildActionMask = 2147483647;
			files = (
			);
			runOnlyForDeploymentPostprocessing = 0;
		};
		2E06DB601EBE496B005B054C /* Resources */ = {
			isa = PBXResourcesBuildPhase;
			buildActionMask = 2147483647;
			files = (
			);
			runOnlyForDeploymentPostprocessing = 0;
		};
/* End PBXResourcesBuildPhase section */

/* Begin PBXSourcesBuildPhase section */
		2E06DB3F1EBE496B005B054C /* Sources */ = {
			isa = PBXSourcesBuildPhase;
			buildActionMask = 2147483647;
			files = (
				2E06DB491EBE496B005B054C /* ViewController.swift in Sources */,
				2E06DB471EBE496B005B054C /* AppDelegate.swift in Sources */,
			);
			runOnlyForDeploymentPostprocessing = 0;
		};
		2E06DB531EBE496B005B054C /* Sources */ = {
			isa = PBXSourcesBuildPhase;
			buildActionMask = 2147483647;
			files = (
				2E06DB5C1EBE496B005B054C /* ManagementStudent_13110085_KietTests.swift in Sources */,
			);
			runOnlyForDeploymentPostprocessing = 0;
		};
		2E06DB5E1EBE496B005B054C /* Sources */ = {
			isa = PBXSourcesBuildPhase;
			buildActionMask = 2147483647;
			files = (
				2E06DB671EBE496B005B054C /* ManagementStudent_13110085_KietUITests.swift in Sources */,
			);
			runOnlyForDeploymentPostprocessing = 0;
		};
/* End PBXSourcesBuildPhase section */

/* Begin PBXTargetDependency section */
		2E06DB591EBE496B005B054C /* PBXTargetDependency */ = {
			isa = PBXTargetDependency;
			target = 2E06DB421EBE496B005B054C /* ManagementStudent_13110085_Kiet */;
			targetProxy = 2E06DB581EBE496B005B054C /* PBXContainerItemProxy */;
		};
		2E06DB641EBE496B005B054C /* PBXTargetDependency */ = {
			isa = PBXTargetDependency;
			target = 2E06DB421EBE496B005B054C /* ManagementStudent_13110085_Kiet */;
			targetProxy = 2E06DB631EBE496B005B054C /* PBXContainerItemProxy */;
		};
/* End PBXTargetDependency section */

/* Begin PBXVariantGroup section */
		2E06DB4A1EBE496B005B054C /* Main.storyboard */ = {
			isa = PBXVariantGroup;
			children = (
				2E06DB4B1EBE496B005B054C /* Base */,
			);
			name = Main.storyboard;
			sourceTree = "<group>";
		};
		2E06DB4F1EBE496B005B054C /* LaunchScreen.storyboard */ = {
			isa = PBXVariantGroup;
			children = (
				2E06DB501EBE496B005B054C /* Base */,
			);
			name = LaunchScreen.storyboard;
			sourceTree = "<group>";
		};
/* End PBXVariantGroup section */

/* Begin XCBuildConfiguration section */
		2E06DB691EBE496B005B054C /* Debug */ = {
			isa = XCBuildConfiguration;
			buildSettings = {
				ALWAYS_SEARCH_USER_PATHS = NO;
				CLANG_ANALYZER_NONNULL = YES;
				CLANG_ANALYZER_NUMBER_OBJECT_CONVERSION = YES_AGGRESSIVE;
				CLANG_CXX_LANGUAGE_STANDARD = "gnu++0x";
				CLANG_CXX_LIBRARY = "libc++";
				CLANG_ENABLE_MODULES = YES;
				CLANG_ENABLE_OBJC_ARC = YES;
				CLANG_WARN_BOOL_CONVERSION = YES;
				CLANG_WARN_CONSTANT_CONVERSION = YES;
				CLANG_WARN_DIRECT_OBJC_ISA_USAGE = YES_ERROR;
				CLANG_WARN_DOCUMENTATION_COMMENTS = YES;
				CLANG_WARN_EMPTY_BODY = YES;
				CLANG_WARN_ENUM_CONVERSION = YES;
				CLANG_WARN_INFINITE_RECURSION = YES;
				CLANG_WARN_INT_CONVERSION = YES;
				CLANG_WARN_OBJC_ROOT_CLASS = YES_ERROR;
				CLANG_WARN_SUSPICIOUS_MOVE = YES;
				CLANG_WARN_UNREACHABLE_CODE = YES;
				CLANG_WARN__DUPLICATE_METHOD_MATCH = YES;
				"CODE_SIGN_IDENTITY[sdk=iphoneos*]" = "iPhone Developer";
				COPY_PHASE_STRIP = NO;
				DEBUG_INFORMATION_FORMAT = dwarf;
				ENABLE_STRICT_OBJC_MSGSEND = YES;
				ENABLE_TESTABILITY = YES;
				GCC_C_LANGUAGE_STANDARD = gnu99;
				GCC_DYNAMIC_NO_PIC = NO;
				GCC_NO_COMMON_BLOCKS = YES;
				GCC_OPTIMIZATION_LEVEL = 0;
				GCC_PREPROCESSOR_DEFINITIONS = (
					"DEBUG=1",
					"$(inherited)",
				);
				GCC_WARN_64_TO_32_BIT_CONVERSION = YES;
				GCC_WARN_ABOUT_RETURN_TYPE = YES_ERROR;
				GCC_WARN_UNDECLARED_SELECTOR = YES;
				GCC_WARN_UNINITIALIZED_AUTOS = YES_AGGRESSIVE;
				GCC_WARN_UNUSED_FUNCTION = YES;
				GCC_WARN_UNUSED_VARIABLE = YES;
				IPHONEOS_DEPLOYMENT_TARGET = 10.3;
				MTL_ENABLE_DEBUG_INFO = YES;
				ONLY_ACTIVE_ARCH = YES;
				SDKROOT = iphoneos;
				SWIFT_ACTIVE_COMPILATION_CONDITIONS = DEBUG;
				SWIFT_OPTIMIZATION_LEVEL = "-Onone";
				TARGETED_DEVICE_FAMILY = "1,2";
			};
			name = Debug;
		};
		2E06DB6A1EBE496B005B054C /* Release */ = {
			isa = XCBuildConfiguration;
			buildSettings = {
				ALWAYS_SEARCH_USER_PATHS = NO;
				CLANG_ANALYZER_NONNULL = YES;
				CLANG_ANALYZER_NUMBER_OBJECT_CONVERSION = YES_AGGRESSIVE;
				CLANG_CXX_LANGUAGE_STANDARD = "gnu++0x";
				CLANG_CXX_LIBRARY = "libc++";
				CLANG_ENABLE_MODULES = YES;
				CLANG_ENABLE_OBJC_ARC = YES;
				CLANG_WARN_BOOL_CONVERSION = YES;
				CLANG_WARN_CONSTANT_CONVERSION = YES;
				CLANG_WARN_DIRECT_OBJC_ISA_USAGE = YES_ERROR;
				CLANG_WARN_DOCUMENTATION_COMMENTS = YES;
				CLANG_WARN_EMPTY_BODY = YES;
				CLANG_WARN_ENUM_CONVERSION = YES;
				CLANG_WARN_INFINITE_RECURSION = YES;
				CLANG_WARN_INT_CONVERSION = YES;
				CLANG_WARN_OBJC_ROOT_CLASS = YES_ERROR;
				CLANG_WARN_SUSPICIOUS_MOVE = YES;
				CLANG_WARN_UNREACHABLE_CODE = YES;
				CLANG_WARN__DUPLICATE_METHOD_MATCH = YES;
				"CODE_SIGN_IDENTITY[sdk=iphoneos*]" = "iPhone Developer";
				COPY_PHASE_STRIP = NO;
				DEBUG_INFORMATION_FORMAT = "dwarf-with-dsym";
				ENABLE_NS_ASSERTIONS = NO;
				ENABLE_STRICT_OBJC_MSGSEND = YES;
				GCC_C_LANGUAGE_STANDARD = gnu99;
				GCC_NO_COMMON_BLOCKS = YES;
				GCC_WARN_64_TO_32_BIT_CONVERSION = YES;
				GCC_WARN_ABOUT_RETURN_TYPE = YES_ERROR;
				GCC_WARN_UNDECLARED_SELECTOR = YES;
				GCC_WARN_UNINITIALIZED_AUTOS = YES_AGGRESSIVE;
				GCC_WARN_UNUSED_FUNCTION = YES;
				GCC_WARN_UNUSED_VARIABLE = YES;
				IPHONEOS_DEPLOYMENT_TARGET = 10.3;
				MTL_ENABLE_DEBUG_INFO = NO;
				SDKROOT = iphoneos;
				SWIFT_OPTIMIZATION_LEVEL = "-Owholemodule";
				TARGETED_DEVICE_FAMILY = "1,2";
				VALIDATE_PRODUCT = YES;
			};
			name = Release;
		};
		2E06DB6C1EBE496B005B054C /* Debug */ = {
			isa = XCBuildConfiguration;
			buildSettings = {
				ASSETCATALOG_COMPILER_APPICON_NAME = AppIcon;
				INFOPLIST_FILE = ManagementStudent_13110085_Kiet/Info.plist;
				LD_RUNPATH_SEARCH_PATHS = "$(inherited) @executable_path/Frameworks";
				PRODUCT_BUNDLE_IDENTIFIER = "Group-9---iOSUTE.ManagementStudent-13110085-Kiet";
				PRODUCT_NAME = "$(TARGET_NAME)";
				SWIFT_VERSION = 3.0;
			};
			name = Debug;
		};
		2E06DB6D1EBE496B005B054C /* Release */ = {
			isa = XCBuildConfiguration;
			buildSettings = {
				ASSETCATALOG_COMPILER_APPICON_NAME = AppIcon;
				INFOPLIST_FILE = ManagementStudent_13110085_Kiet/Info.plist;
				LD_RUNPATH_SEARCH_PATHS = "$(inherited) @executable_path/Frameworks";
				PRODUCT_BUNDLE_IDENTIFIER = "Group-9---iOSUTE.ManagementStudent-13110085-Kiet";
				PRODUCT_NAME = "$(TARGET_NAME)";
				SWIFT_VERSION = 3.0;
			};
			name = Release;
		};
		2E06DB6F1EBE496B005B054C /* Debug */ = {
			isa = XCBuildConfiguration;
			buildSettings = {
				ALWAYS_EMBED_SWIFT_STANDARD_LIBRARIES = YES;
				BUNDLE_LOADER = "$(TEST_HOST)";
				INFOPLIST_FILE = ManagementStudent_13110085_KietTests/Info.plist;
				LD_RUNPATH_SEARCH_PATHS = "$(inherited) @executable_path/Frameworks @loader_path/Frameworks";
				PRODUCT_BUNDLE_IDENTIFIER = "Group-9---iOSUTE.ManagementStudent-13110085-KietTests";
				PRODUCT_NAME = "$(TARGET_NAME)";
				SWIFT_VERSION = 3.0;
				TEST_HOST = "$(BUILT_PRODUCTS_DIR)/ManagementStudent_13110085_Kiet.app/ManagementStudent_13110085_Kiet";
			};
			name = Debug;
		};
		2E06DB701EBE496B005B054C /* Release */ = {
			isa = XCBuildConfiguration;
			buildSettings = {
				ALWAYS_EMBED_SWIFT_STANDARD_LIBRARIES = YES;
				BUNDLE_LOADER = "$(TEST_HOST)";
				INFOPLIST_FILE = ManagementStudent_13110085_KietTests/Info.plist;
				LD_RUNPATH_SEARCH_PATHS = "$(inherited) @executable_path/Frameworks @loader_path/Frameworks";
				PRODUCT_BUNDLE_IDENTIFIER = "Group-9---iOSUTE.ManagementStudent-13110085-KietTests";
				PRODUCT_NAME = "$(TARGET_NAME)";
				SWIFT_VERSION = 3.0;
				TEST_HOST = "$(BUILT_PRODUCTS_DIR)/ManagementStudent_13110085_Kiet.app/ManagementStudent_13110085_Kiet";
			};
			name = Release;
		};
		2E06DB721EBE496B005B054C /* Debug */ = {
			isa = XCBuildConfiguration;
			buildSettings = {
				ALWAYS_EMBED_SWIFT_STANDARD_LIBRARIES = YES;
				INFOPLIST_FILE = ManagementStudent_13110085_KietUITests/Info.plist;
				LD_RUNPATH_SEARCH_PATHS = "$(inherited) @executable_path/Frameworks @loader_path/Frameworks";
				PRODUCT_BUNDLE_IDENTIFIER = "Group-9---iOSUTE.ManagementStudent-13110085-KietUITests";
				PRODUCT_NAME = "$(TARGET_NAME)";
				SWIFT_VERSION = 3.0;
				TEST_TARGET_NAME = ManagementStudent_13110085_Kiet;
			};
			name = Debug;
		};
		2E06DB731EBE496B005B054C /* Release */ = {
			isa = XCBuildConfiguration;
			buildSettings = {
				ALWAYS_EMBED_SWIFT_STANDARD_LIBRARIES = YES;
				INFOPLIST_FILE = ManagementStudent_13110085_KietUITests/Info.plist;
				LD_RUNPATH_SEARCH_PATHS = "$(inherited) @executable_path/Frameworks @loader_path/Frameworks";
				PRODUCT_BUNDLE_IDENTIFIER = "Group-9---iOSUTE.ManagementStudent-13110085-KietUITests";
				PRODUCT_NAME = "$(TARGET_NAME)";
				SWIFT_VERSION = 3.0;
				TEST_TARGET_NAME = ManagementStudent_13110085_Kiet;
			};
			name = Release;
		};
/* End XCBuildConfiguration section */

/* Begin XCConfigurationList section */
		2E06DB3E1EBE496B005B054C /* Build configuration list for PBXProject "ManagementStudent_13110085_Kiet" */ = {
			isa = XCConfigurationList;
			buildConfigurations = (
				2E06DB691EBE496B005B054C /* Debug */,
				2E06DB6A1EBE496B005B054C /* Release */,
			);
			defaultConfigurationIsVisible = 0;
			defaultConfigurationName = Release;
		};
		2E06DB6B1EBE496B005B054C /* Build configuration list for PBXNativeTarget "ManagementStudent_13110085_Kiet" */ = {
			isa = XCConfigurationList;
			buildConfigurations = (
				2E06DB6C1EBE496B005B054C /* Debug */,
				2E06DB6D1EBE496B005B054C /* Release */,
			);
			defaultConfigurationIsVisible = 0;
		};
		2E06DB6E1EBE496B005B054C /* Build configuration list for PBXNativeTarget "ManagementStudent_13110085_KietTests" */ = {
			isa = XCConfigurationList;
			buildConfigurations = (
				2E06DB6F1EBE496B005B054C /* Debug */,
				2E06DB701EBE496B005B054C /* Release */,
			);
			defaultConfigurationIsVisible = 0;
		};
		2E06DB711EBE496B005B054C /* Build configuration list for PBXNativeTarget "ManagementStudent_13110085_KietUITests" */ = {
			isa = XCConfigurationList;
			buildConfigurations = (
				2E06DB721EBE496B005B054C /* Debug */,
				2E06DB731EBE496B005B054C /* Release */,
			);
			defaultConfigurationIsVisible = 0;
		};
/* End XCConfigurationList section */
	};
	rootObject = 2E06DB3B1EBE496B005B054C /* Project object */;
}
